
Microsoft Visual Studio Solution File, Format Version 12.00
# Visual Studio Version 17
VisualStudioVersion = 17.7.34202.233
MinimumVisualStudioVersion = 10.0.40219.1
Project("{9A19103F-16F7-4668-BE54-9A1E7A4F7556}") = "gluschKt-42-20", "gluschKt-42-20\gluschKt-42-20.csproj", "{192564FF-8257-44CB-8634-16BA0DAEF40E}"
EndProject
Project("{FAE04EC0-301F-11D3-BF4B-00C04F79EFBC}") = "glusch-kt-42-20.Tests", "glusch-kt-42-20.Tests\glusch-kt-42-20.Tests.csproj", "{AECA0CCF-5165-4391-BC34-F3E05FC08460}"
EndProject
Global
	GlobalSection(SolutionConfigurationPlatforms) = preSolution
		Debug|Any CPU = Debug|Any CPU
		Release|Any CPU = Release|Any CPU
	EndGlobalSection
	GlobalSection(ProjectConfigurationPlatforms) = postSolution
		{192564FF-8257-44CB-8634-16BA0DAEF40E}.Debug|Any CPU.ActiveCfg = Debug|Any CPU
		{192564FF-8257-44CB-8634-16BA0DAEF40E}.Debug|Any CPU.Build.0 = Debug|Any CPU
		{192564FF-8257-44CB-8634-16BA0DAEF40E}.Release|Any CPU.ActiveCfg = Release|Any CPU
		{192564FF-8257-44CB-8634-16BA0DAEF40E}.Release|Any CPU.Build.0 = Release|Any CPU
		{AECA0CCF-5165-4391-BC34-F3E05FC08460}.Debug|Any CPU.ActiveCfg = Debug|Any CPU
		{AECA0CCF-5165-4391-BC34-F3E05FC08460}.Debug|Any CPU.Build.0 = Debug|Any CPU
		{AECA0CCF-5165-4391-BC34-F3E05FC08460}.Release|Any CPU.ActiveCfg = Release|Any CPU
		{AECA0CCF-5165-4391-BC34-F3E05FC08460}.Release|Any CPU.Build.0 = Release|Any CPU
	EndGlobalSection
	GlobalSection(SolutionProperties) = preSolution
		HideSolutionNode = FALSE
	EndGlobalSection
	GlobalSection(ExtensibilityGlobals) = postSolution
		SolutionGuid = {6C0024BA-1848-40F8-9B50-067DF36190AF}
	EndGlobalSection
EndGlobal
